
Microsoft Visual Studio Solution File, Format Version 12.00
# Visual Studio 15
VisualStudioVersion = 15.0.27703.2035
MinimumVisualStudioVersion = 10.0.40219.1
Project("{E24C65DC-7377-472B-9ABA-BC803B73C61A}") = "Ch1VS", "Ch1VS\", "{294F0F0E-F451-4FB8-90E3-ED9799EC5886}"
	ProjectSection(WebsiteProperties) = preProject
		TargetFrameworkMoniker = ".NETFramework,Version%3Dv4.6.1"
		Debug.AspNetCompiler.VirtualPath = "/localhost_51194"
		Debug.AspNetCompiler.PhysicalPath = "Ch1VS\"
		Debug.AspNetCompiler.TargetPath = "PrecompiledWeb\localhost_51194\"
		Debug.AspNetCompiler.Updateable = "true"
		Debug.AspNetCompiler.ForceOverwrite = "true"
		Debug.AspNetCompiler.FixedNames = "false"
		Debug.AspNetCompiler.Debug = "True"
		Release.AspNetCompiler.VirtualPath = "/localhost_51194"
		Release.AspNetCompiler.PhysicalPath = "Ch1VS\"
		Release.AspNetCompiler.TargetPath = "PrecompiledWeb\localhost_51194\"
		Release.AspNetCompiler.Updateable = "true"
		Release.AspNetCompiler.ForceOverwrite = "true"
		Release.AspNetCompiler.FixedNames = "false"
		Release.AspNetCompiler.Debug = "False"
		VWDPort = "51194"
		SlnRelativePath = "Ch1VS\"
		DefaultWebSiteLanguage = "Visual C#"
	EndProjectSection
EndProject
Global
	GlobalSection(SolutionConfigurationPlatforms) = preSolution
		Debug|Any CPU = Debug|Any CPU
	EndGlobalSection
	GlobalSection(ProjectConfigurationPlatforms) = postSolution
		{294F0F0E-F451-4FB8-90E3-ED9799EC5886}.Debug|Any CPU.ActiveCfg = Debug|Any CPU
		{294F0F0E-F451-4FB8-90E3-ED9799EC5886}.Debug|Any CPU.Build.0 = Debug|Any CPU
	EndGlobalSection
	GlobalSection(SolutionProperties) = preSolution
		HideSolutionNode = FALSE
	EndGlobalSection
	GlobalSection(ExtensibilityGlobals) = postSolution
		SolutionGuid = {41150E0B-445C-4C88-B189-9C2E6C692831}
	EndGlobalSection
EndGlobal
